
Microsoft Visual Studio Solution File, Format Version 12.00
# Visual Studio Version 17
VisualStudioVersion = 17.4.33213.308
MinimumVisualStudioVersion = 10.0.40219.1
Project("{FAE04EC0-301F-11D3-BF4B-00C04F79EFBC}") = "PE2GameFramework", "PE2GameFramework\PE2GameFramework.csproj", "{E3DFC78B-87C7-4CA0-99CC-2857CBF62BE8}"
EndProject
Global
	GlobalSection(SolutionConfigurationPlatforms) = preSolution
		Debug|Any CPU = Debug|Any CPU
		Release|Any CPU = Release|Any CPU
	EndGlobalSection
	GlobalSection(ProjectConfigurationPlatforms) = postSolution
		{E3DFC78B-87C7-4CA0-99CC-2857CBF62BE8}.Debug|Any CPU.ActiveCfg = Debug|Any CPU
		{E3DFC78B-87C7-4CA0-99CC-2857CBF62BE8}.Debug|Any CPU.Build.0 = Debug|Any CPU
		{E3DFC78B-87C7-4CA0-99CC-2857CBF62BE8}.Release|Any CPU.ActiveCfg = Release|Any CPU
		{E3DFC78B-87C7-4CA0-99CC-2857CBF62BE8}.Release|Any CPU.Build.0 = Release|Any CPU
	EndGlobalSection
	GlobalSection(SolutionProperties) = preSolution
		HideSolutionNode = FALSE
	EndGlobalSection
	GlobalSection(ExtensibilityGlobals) = postSolution
		SolutionGuid = {952F8273-FBDE-4ABF-ABE3-6451D5242D58}
	EndGlobalSection
EndGlobal
